{
  "name": "food-hack",
  "version": "1.0.0",
  "lockfileVersion": 1,
  "requires": true,
  "dependencies": {
    "debug": {
      "version": "3.1.0",
      "resolved": "https://registry.npmjs.org/debug/-/debug-3.1.0.tgz",
      "integrity": "sha1-W7WgZyYotkFJVmuhaBnmFRjGcmE=",
      "requires": {
        "ms": "2.0.0"
      }
    },
    "ms": {
      "version": "2.0.0",
      "resolved": "https://registry.npmjs.org/ms/-/ms-2.0.0.tgz",
      "integrity": "sha1-VgiurfwAvmwpAd9fmGF4jeDVl8g="
    },
    "node-fetch": {
      "version": "2.0.0",
      "resolved": "https://registry.npmjs.org/node-fetch/-/node-fetch-2.0.0.tgz",
      "integrity": "sha1-mCu6Q+zU8pIqKcwYamu7C7c/y6Y="
    },
    "sandwich-stream": {
      "version": "1.0.0",
      "resolved": "https://registry.npmjs.org/sandwich-stream/-/sandwich-stream-1.0.0.tgz",
      "integrity": "sha1-eDDkV5e1kzKH8fmyj4cZB0ViYvI="
    },
    "telegraf": {
      "version": "3.19.0",
      "resolved": "https://registry.npmjs.org/telegraf/-/telegraf-3.19.0.tgz",
      "integrity": "sha1-ELLzgteBvuD5aXwBsUvkHdK1Z4Q=",
      "requires": {
        "debug": "3.1.0",
        "node-fetch": "2.0.0",
        "sandwich-stream": "1.0.0"
      }
    }
  }
}
